<?xml version="1.0" encoding="utf-8"?>
<Project ToolsVersion="4.0" xmlns="http://schemas.microsoft.com/developer/msbuild/2003">
  <ItemGroup>
    <Filter Include="소스 파일">
      <UniqueIdentifier>{4FC737F1-C7A5-4376-A066-2A32D752A2FF}</UniqueIdentifier>
      <Extensions>cpp;c;cc;cxx;c++;def;odl;idl;hpj;bat;asm;asmx</Extensions>
    </Filter>
    <Filter Include="헤더 파일">
      <UniqueIdentifier>{93995380-89BD-4b04-88EB-625FBE52EBFB}</UniqueIdentifier>
      <Extensions>h;hh;hpp;hxx;h++;hm;inl;inc;ipp;xsd</Extensions>
    </Filter>
    <Filter Include="리소스 파일">
      <UniqueIdentifier>{67DA6AB6-F800-4c08-8B7A-83BB121AAD01}</UniqueIdentifier>
      <Extensions>rc;ico;cur;bmp;dlg;rc2;rct;bin;rgs;gif;jpg;jpeg;jpe;resx;tiff;tif;png;wav;mfcribbon-ms</Extensions>
    </Filter>
  </ItemGroup>
  <ItemGroup>
    <ClCompile Include="Backjun.cpp">
      <Filter>소스 파일</Filter>
    </ClCompile>
    <ClCompile Include="1065-한수.c">
      <Filter>소스 파일</Filter>
    </ClCompile>
    <ClCompile Include="1100-더하기사이클.cpp">
      <Filter>소스 파일</Filter>
    </ClCompile>
    <ClCompile Include="1149-RGB거리.cpp">
      <Filter>소스 파일</Filter>
    </ClCompile>
    <ClCompile Include="1152-단어의개수.cpp">
      <Filter>소스 파일</Filter>
    </ClCompile>
    <ClCompile Include="1193-분수찾기.cpp">
      <Filter>소스 파일</Filter>
    </ClCompile>
    <ClCompile Include="1427-소트인사이드.cpp">
      <Filter>소스 파일</Filter>
    </ClCompile>
    <ClCompile Include="1699-제곱수의합.cpp">
      <Filter>소스 파일</Filter>
    </ClCompile>
    <ClCompile Include="1712-손익분기점.c">
      <Filter>소스 파일</Filter>
    </ClCompile>
    <ClCompile Include="1920-이진탐색.cpp">
      <Filter>소스 파일</Filter>
    </ClCompile>
    <ClCompile Include="1920-이진탐색2.cpp">
      <Filter>소스 파일</Filter>
    </ClCompile>
    <ClCompile Include="1927-최소힙.cpp">
      <Filter>소스 파일</Filter>
    </ClCompile>
    <ClCompile Include="1932-정수삼각형.cpp">
      <Filter>소스 파일</Filter>
    </ClCompile>
    <ClCompile Include="2133-타일채우기.cpp">
      <Filter>소스 파일</Filter>
    </ClCompile>
    <ClCompile Include="2164-카드2.cpp">
      <Filter>소스 파일</Filter>
    </ClCompile>
    <ClCompile Include="2167-2차원배열의합.cpp">
      <Filter>소스 파일</Filter>
    </ClCompile>
    <ClCompile Include="2179-미로탐색.cpp">
      <Filter>소스 파일</Filter>
    </ClCompile>
    <ClCompile Include="2231-분해합.cpp">
      <Filter>소스 파일</Filter>
    </ClCompile>
    <ClCompile Include="2247-별찍기10.cpp">
      <Filter>소스 파일</Filter>
    </ClCompile>
    <ClCompile Include="2292-벌집.cpp">
      <Filter>소스 파일</Filter>
    </ClCompile>
    <ClCompile Include="2309-일곱난쟁이.c">
      <Filter>소스 파일</Filter>
    </ClCompile>
    <ClCompile Include="2476.cpp">
      <Filter>소스 파일</Filter>
    </ClCompile>
    <ClCompile Include="2503-숫자야구.cpp">
      <Filter>소스 파일</Filter>
    </ClCompile>
    <ClCompile Include="2747-피보나치수열.c">
      <Filter>소스 파일</Filter>
    </ClCompile>
    <ClCompile Include="2750-수정렬하기.c">
      <Filter>소스 파일</Filter>
    </ClCompile>
    <ClCompile Include="2776-암기왕.cpp">
      <Filter>소스 파일</Filter>
    </ClCompile>
    <ClCompile Include="2839-설탕배달.C">
      <Filter>소스 파일</Filter>
    </ClCompile>
    <ClCompile Include="2869-달팽이는 올라가고싶다.cpp">
      <Filter>소스 파일</Filter>
    </ClCompile>
    <ClCompile Include="9059-1,2,3,더하기.cpp">
      <Filter>소스 파일</Filter>
    </ClCompile>
    <ClCompile Include="10799-쇠막대기.cpp">
      <Filter>소스 파일</Filter>
    </ClCompile>
    <ClCompile Include="11271-2xn타일링2.cpp">
      <Filter>소스 파일</Filter>
    </ClCompile>
    <ClCompile Include="11279-최대힙.cpp">
      <Filter>소스 파일</Filter>
    </ClCompile>
    <ClCompile Include="11726-2xn타일링.cpp">
      <Filter>소스 파일</Filter>
    </ClCompile>
    <ClCompile Include="14852-타일채우기.cpp">
      <Filter>소스 파일</Filter>
    </ClCompile>
  </ItemGroup>
</Project>